
Microsoft Visual Studio Solution File, Format Version 12.00
# Visual Studio Version 17
VisualStudioVersion = 17.12.35527.113 d17.12
MinimumVisualStudioVersion = 10.0.40219.1
Project("{8BC9CEB8-8B4A-11D0-8D11-00A0C91BC942}") = "new", "new\new.vcxproj", "{D04D9B1E-58C1-43CB-8379-B0CA78DDD6FB}"
EndProject
Global
	GlobalSection(SolutionConfigurationPlatforms) = preSolution
		Debug|x64 = Debug|x64
		Debug|x86 = Debug|x86
		Release|x64 = Release|x64
		Release|x86 = Release|x86
	EndGlobalSection
	GlobalSection(ProjectConfigurationPlatforms) = postSolution
		{D04D9B1E-58C1-43CB-8379-B0CA78DDD6FB}.Debug|x64.ActiveCfg = Debug|x64
		{D04D9B1E-58C1-43CB-8379-B0CA78DDD6FB}.Debug|x64.Build.0 = Debug|x64
		{D04D9B1E-58C1-43CB-8379-B0CA78DDD6FB}.Debug|x86.ActiveCfg = Debug|Win32
		{D04D9B1E-58C1-43CB-8379-B0CA78DDD6FB}.Debug|x86.Build.0 = Debug|Win32
		{D04D9B1E-58C1-43CB-8379-B0CA78DDD6FB}.Release|x64.ActiveCfg = Release|x64
		{D04D9B1E-58C1-43CB-8379-B0CA78DDD6FB}.Release|x64.Build.0 = Release|x64
		{D04D9B1E-58C1-43CB-8379-B0CA78DDD6FB}.Release|x86.ActiveCfg = Release|Win32
		{D04D9B1E-58C1-43CB-8379-B0CA78DDD6FB}.Release|x86.Build.0 = Release|Win32
	EndGlobalSection
	GlobalSection(SolutionProperties) = preSolution
		HideSolutionNode = FALSE
	EndGlobalSection
EndGlobal
